
Microsoft Visual Studio Solution File, Format Version 12.00
# Visual Studio 14
VisualStudioVersion = 14.0.22512.0
MinimumVisualStudioVersion = 10.0.40219.1
Project("{2150E333-8FDC-42A3-9474-1A3956D46DE8}") = "css", "css", "{18490BE4-84F7-451D-8A3A-038F3FEC834F}"
	ProjectSection(SolutionItems) = preProject
		css\admin.less = css\admin.less
		css\focus.less = css\focus.less
		css\admin.panel.less = css\admin.panel.less
		css\alerts.less = css\alerts.less
		css\buttons.less = css\buttons.less
		css\form.fileupload.less = css\form.fileupload.less
		css\form.less = css\form.less
		css\gallery.less = css\gallery.less
		css\helpers.less = css\helpers.less
		css\icons.less = css\icons.less
		css\less = css\less
		css\lists.less = css\lists.less
		css\loading.less = css\loading.less
		css\magnific.less = css\magnific.less
		css\main.less = css\main.less
		css\menu.less = css\menu.less
		css\mixins.less = css\mixins.less
		css\nestable.less = css\nestable.less
		css\pager.less = css\pager.less
		css\responsive-utilities.less = css\responsive-utilities.less
		css\tables.less = css\tables.less
		css\variables.less = css\variables.less
		css\widget.less = css\widget.less
		css\pure.css = css\pure.css
		css\pure.media.css = css\pure.media.css
	EndProjectSection
EndProject
Project("{2150E333-8FDC-42A3-9474-1A3956D46DE8}") = "js", "js", "{4D271318-A39F-48F1-BF3D-EEF4716BB280}"
	ProjectSection(SolutionItems) = preProject
		js\jquery.dragsort-0.5.2.js = js\jquery.dragsort-0.5.2.js
		js\MarkdownDeep.js = js\MarkdownDeep.js
		js\MarkdownDeepEditor.js = js\MarkdownDeepEditor.js
		js\mf.admin.js = js\mf.admin.js
		js\mf.affix.js = js\mf.affix.js
		js\mf.fileupload.js = js\mf.fileupload.js
		js\mf.forms.js = js\mf.forms.js
		js\mf.nestable.js = js\mf.nestable.js
		js\mf.pure.js = js\mf.pure.js
	EndProjectSection
EndProject
Project("{2150E333-8FDC-42A3-9474-1A3956D46DE8}") = "bundles", "bundles", "{E0C05A65-E8D6-4949-9EE3-862E2A9A4520}"
	ProjectSection(SolutionItems) = preProject
		bundles\admin.js.bundle = bundles\admin.js.bundle
		bundles\default.js.bundle = bundles\default.js.bundle
		bundles\frameworks.js.bundle = bundles\frameworks.js.bundle
	EndProjectSection
EndProject
Project("{2150E333-8FDC-42A3-9474-1A3956D46DE8}") = "Solution Items", "Solution Items", "{84D1784D-137E-42D7-A8BC-9A5CB77DF930}"
	ProjectSection(SolutionItems) = preProject
		bower.json = bower.json
	EndProjectSection
	ProjectSection(FolderGlobals) = preProject
		bower_1json__JSONSchema = http://json.schemastore.org/bower
	EndProjectSection
EndProject
Global
	GlobalSection(SolutionProperties) = preSolution
		HideSolutionNode = FALSE
	EndGlobalSection
EndGlobal
